
Microsoft Visual Studio Solution File, Format Version 12.00
# Visual Studio Version 17
VisualStudioVersion = 17.10.35122.118
MinimumVisualStudioVersion = 10.0.40219.1
Project("{9A19103F-16F7-4668-BE54-9A1E7A4F7556}") = "tfmAlert", "tfmAlert.csproj", "{464916BB-3485-443D-A55F-AB17D3EDA326}"
EndProject
Global
	GlobalSection(SolutionConfigurationPlatforms) = preSolution
		Debug|Any CPU = Debug|Any CPU
		Release|Any CPU = Release|Any CPU
	EndGlobalSection
	GlobalSection(ProjectConfigurationPlatforms) = postSolution
		{464916BB-3485-443D-A55F-AB17D3EDA326}.Debug|Any CPU.ActiveCfg = Debug|Any CPU
		{464916BB-3485-443D-A55F-AB17D3EDA326}.Debug|Any CPU.Build.0 = Debug|Any CPU
		{464916BB-3485-443D-A55F-AB17D3EDA326}.Release|Any CPU.ActiveCfg = Release|Any CPU
		{464916BB-3485-443D-A55F-AB17D3EDA326}.Release|Any CPU.Build.0 = Release|Any CPU
	EndGlobalSection
	GlobalSection(SolutionProperties) = preSolution
		HideSolutionNode = FALSE
	EndGlobalSection
	GlobalSection(ExtensibilityGlobals) = postSolution
		SolutionGuid = {56764131-F93A-417E-A1E5-E76721492C24}
	EndGlobalSection
EndGlobal
